<?xml version="1.0" encoding="utf-8"?>
<Project ToolsVersion="4.0" xmlns="http://schemas.microsoft.com/developer/msbuild/2003">
  <ItemGroup>
    <Filter Include="Исходные файлы">
      <UniqueIdentifier>{4FC737F1-C7A5-4376-A066-2A32D752A2FF}</UniqueIdentifier>
      <Extensions>cpp;c;cc;cxx;c++;cppm;ixx;def;odl;idl;hpj;bat;asm;asmx</Extensions>
    </Filter>
    <Filter Include="Файлы заголовков">
      <UniqueIdentifier>{93995380-89BD-4b04-88EB-625FBE52EBFB}</UniqueIdentifier>
      <Extensions>h;hh;hpp;hxx;h++;hm;inl;inc;ipp;xsd</Extensions>
    </Filter>
    <Filter Include="Файлы ресурсов">
      <UniqueIdentifier>{67DA6AB6-F800-4c08-8B7A-83BB121AAD01}</UniqueIdentifier>
      <Extensions>rc;ico;cur;bmp;dlg;rc2;rct;bin;rgs;gif;jpg;jpeg;jpe;resx;tiff;tif;png;wav;mfcribbon-ms</Extensions>
    </Filter>
    <Filter Include="Файлы заголовков\Windows">
      <UniqueIdentifier>{92e8062c-7fe7-401d-9de6-db20ca182526}</UniqueIdentifier>
    </Filter>
    <Filter Include="Файлы заголовков\UI">
      <UniqueIdentifier>{7b0fae66-eb78-41e0-9a22-f3e912d9d873}</UniqueIdentifier>
    </Filter>
    <Filter Include="Файлы заголовков\Logic">
      <UniqueIdentifier>{0c3c87aa-182a-4312-8110-7134d2fb5911}</UniqueIdentifier>
    </Filter>
  </ItemGroup>
  <ItemGroup>
    <ClCompile Include="main.cpp">
      <Filter>Исходные файлы</Filter>
    </ClCompile>
  </ItemGroup>
  <ItemGroup>
    <ClInclude Include="FileHandler.h">
      <Filter>Файлы заголовков</Filter>
    </ClInclude>
    <ClInclude Include="GameWindow.h">
      <Filter>Файлы заголовков\Windows</Filter>
    </ClInclude>
    <ClInclude Include="LeadersWindow.h">
      <Filter>Файлы заголовков\Windows</Filter>
    </ClInclude>
    <ClInclude Include="NameForm.h">
      <Filter>Файлы заголовков\Windows</Filter>
    </ClInclude>
    <ClInclude Include="Text.h">
      <Filter>Файлы заголовков\UI</Filter>
    </ClInclude>
    <ClInclude Include="Button.h">
      <Filter>Файлы заголовков\UI</Filter>
    </ClInclude>
    <ClInclude Include="Egg.h">
      <Filter>Файлы заголовков\Logic</Filter>
    </ClInclude>
    <ClInclude Include="Wolf.h">
      <Filter>Файлы заголовков\Logic</Filter>
    </ClInclude>
    <ClInclude Include="Player.h">
      <Filter>Файлы заголовков\Logic</Filter>
    </ClInclude>
    <ClInclude Include="Constants.h">
      <Filter>Файлы заголовков</Filter>
    </ClInclude>
    <ClInclude Include="Sound.h">
      <Filter>Файлы заголовков</Filter>
    </ClInclude>
  </ItemGroup>
</Project>